
Microsoft Visual Studio Solution File, Format Version 12.00
# Visual Studio Version 16
VisualStudioVersion = 16.0.37301.9
MinimumVisualStudioVersion = 10.0.40219.1
Project("{FAE04EC0-301F-11D3-BF4B-00C04F79EFBC}") = "Student_ID", "Picture_Box\Student_ID.csproj", "{B0921F2E-FDB1-4D37-A248-3FC11C9132BF}"
EndProject
Global
	GlobalSection(SolutionConfigurationPlatforms) = preSolution
		Debug|Any CPU = Debug|Any CPU
		Release|Any CPU = Release|Any CPU
	EndGlobalSection
	GlobalSection(ProjectConfigurationPlatforms) = postSolution
		{B0921F2E-FDB1-4D37-A248-3FC11C9132BF}.Debug|Any CPU.ActiveCfg = Debug|Any CPU
		{B0921F2E-FDB1-4D37-A248-3FC11C9132BF}.Debug|Any CPU.Build.0 = Debug|Any CPU
		{B0921F2E-FDB1-4D37-A248-3FC11C9132BF}.Release|Any CPU.ActiveCfg = Release|Any CPU
		{B0921F2E-FDB1-4D37-A248-3FC11C9132BF}.Release|Any CPU.Build.0 = Release|Any CPU
	EndGlobalSection
	GlobalSection(SolutionProperties) = preSolution
		HideSolutionNode = FALSE
	EndGlobalSection
	GlobalSection(ExtensibilityGlobals) = postSolution
		SolutionGuid = {6766F05D-29B0-4E15-BC50-8752852069C9}
	EndGlobalSection
EndGlobal
